
Microsoft Visual Studio Solution File, Format Version 12.00
# Visual Studio Version 17
VisualStudioVersion = 17.13.35931.197 d17.13
MinimumVisualStudioVersion = 10.0.40219.1
Project("{FAE04EC0-301F-11D3-BF4B-00C04F79EFBC}") = "ATBM_HTTT_PH2", "ATBM_HTTT_PH2.csproj", "{9C169C54-440E-4123-B395-0659C8A72407}"
EndProject
Global
	GlobalSection(SolutionConfigurationPlatforms) = preSolution
		Debug|Any CPU = Debug|Any CPU
		Release|Any CPU = Release|Any CPU
	EndGlobalSection
	GlobalSection(ProjectConfigurationPlatforms) = postSolution
		{9C169C54-440E-4123-B395-0659C8A72407}.Debug|Any CPU.ActiveCfg = Debug|Any CPU
		{9C169C54-440E-4123-B395-0659C8A72407}.Debug|Any CPU.Build.0 = Debug|Any CPU
		{9C169C54-440E-4123-B395-0659C8A72407}.Release|Any CPU.ActiveCfg = Release|Any CPU
		{9C169C54-440E-4123-B395-0659C8A72407}.Release|Any CPU.Build.0 = Release|Any CPU
	EndGlobalSection
	GlobalSection(SolutionProperties) = preSolution
		HideSolutionNode = FALSE
	EndGlobalSection
	GlobalSection(ExtensibilityGlobals) = postSolution
		SolutionGuid = {77E83F33-EC05-4710-A03A-09D8BB159019}
	EndGlobalSection
EndGlobal
